
Microsoft Visual Studio Solution File, Format Version 12.00
# Visual Studio Version 17
VisualStudioVersion = 17.9.34723.18
MinimumVisualStudioVersion = 10.0.40219.1
Project("{8BC9CEB8-8B4A-11D0-8D11-00A0C91BC942}") = "Explicaçao 3", "Explicaçao 3\Explicaçao 3.vcxproj", "{5E09805E-EF24-4835-BAB1-8EE789968C36}"
EndProject
Global
	GlobalSection(SolutionConfigurationPlatforms) = preSolution
		Debug|x64 = Debug|x64
		Debug|x86 = Debug|x86
		Release|x64 = Release|x64
		Release|x86 = Release|x86
	EndGlobalSection
	GlobalSection(ProjectConfigurationPlatforms) = postSolution
		{5E09805E-EF24-4835-BAB1-8EE789968C36}.Debug|x64.ActiveCfg = Debug|x64
		{5E09805E-EF24-4835-BAB1-8EE789968C36}.Debug|x64.Build.0 = Debug|x64
		{5E09805E-EF24-4835-BAB1-8EE789968C36}.Debug|x86.ActiveCfg = Debug|Win32
		{5E09805E-EF24-4835-BAB1-8EE789968C36}.Debug|x86.Build.0 = Debug|Win32
		{5E09805E-EF24-4835-BAB1-8EE789968C36}.Release|x64.ActiveCfg = Release|x64
		{5E09805E-EF24-4835-BAB1-8EE789968C36}.Release|x64.Build.0 = Release|x64
		{5E09805E-EF24-4835-BAB1-8EE789968C36}.Release|x86.ActiveCfg = Release|Win32
		{5E09805E-EF24-4835-BAB1-8EE789968C36}.Release|x86.Build.0 = Release|Win32
	EndGlobalSection
	GlobalSection(SolutionProperties) = preSolution
		HideSolutionNode = FALSE
	EndGlobalSection
	GlobalSection(ExtensibilityGlobals) = postSolution
		SolutionGuid = {5E2FC53D-6A4F-4573-9C9E-33302658B31E}
	EndGlobalSection
EndGlobal
